// !$*UTF8*$!
{
	archiveVersion = 1;
	classes = {
	};
	objectVersion = 50;
	objects = {

/* Begin PBXBuildFile section */
		14DB7EB0F25457D30A4D9562 /* Pods_AutimeTests.framework in Frameworks */ = {isa = PBXBuildFile; fileRef = F36CE04F6B32A9EC192B835F /* Pods_AutimeTests.framework */; };
		23F60844B30509A0E878EF10 /* Pods_Autime.framework in Frameworks */ = {isa = PBXBuildFile; fileRef = 78EE28FD2397C5709D4B2F0F /* Pods_Autime.framework */; };
		24192998256C427C0044A530 /* TableViewCell.swift in Sources */ = {isa = PBXBuildFile; fileRef = 24192997256C427C0044A530 /* TableViewCell.swift */; };
		24429702255D841900CCEBAB /* AppDelegate.swift in Sources */ = {isa = PBXBuildFile; fileRef = 24429701255D841900CCEBAB /* AppDelegate.swift */; };
		24429704255D841900CCEBAB /* SceneDelegate.swift in Sources */ = {isa = PBXBuildFile; fileRef = 24429703255D841900CCEBAB /* SceneDelegate.swift */; };
		24429706255D841900CCEBAB /* ViewController.swift in Sources */ = {isa = PBXBuildFile; fileRef = 24429705255D841900CCEBAB /* ViewController.swift */; };
		24429709255D841900CCEBAB /* Main.storyboard in Resources */ = {isa = PBXBuildFile; fileRef = 24429707255D841900CCEBAB /* Main.storyboard */; };
		2442970B255D841A00CCEBAB /* Assets.xcassets in Resources */ = {isa = PBXBuildFile; fileRef = 2442970A255D841A00CCEBAB /* Assets.xcassets */; };
		2442970E255D841A00CCEBAB /* LaunchScreen.storyboard in Resources */ = {isa = PBXBuildFile; fileRef = 2442970C255D841A00CCEBAB /* LaunchScreen.storyboard */; };
		24429719255D841A00CCEBAB /* AutimeTests.swift in Sources */ = {isa = PBXBuildFile; fileRef = 24429718255D841A00CCEBAB /* AutimeTests.swift */; };
		24429724255D841A00CCEBAB /* AutimeUITests.swift in Sources */ = {isa = PBXBuildFile; fileRef = 24429723255D841A00CCEBAB /* AutimeUITests.swift */; };
		2455E57A2581566E005A174F /* SemanaCollectionViewController.swift in Sources */ = {isa = PBXBuildFile; fileRef = 2455E5792581566E005A174F /* SemanaCollectionViewController.swift */; };
		2455E58225815A8F005A174F /* SemanaNovaCollectionViewCell.swift in Sources */ = {isa = PBXBuildFile; fileRef = 2455E58125815A8F005A174F /* SemanaNovaCollectionViewCell.swift */; };
		246F6659256BF90B001E2256 /* CadastrarAtividade.storyboard in Resources */ = {isa = PBXBuildFile; fileRef = 246F6658256BF90B001E2256 /* CadastrarAtividade.storyboard */; };
		246F665E256BFCAC001E2256 /* AtividadesCadastradas.swift in Sources */ = {isa = PBXBuildFile; fileRef = 246F665D256BFCAC001E2256 /* AtividadesCadastradas.swift */; };
		3E4F9EAA256D3B710039BFFC /* DataBanco.xcdatamodeld in Sources */ = {isa = PBXBuildFile; fileRef = 3E4F9EA8256D3B710039BFFC /* DataBanco.xcdatamodeld */; };
		3E6F295C257155C4008CDBAB /* AutimeTests.xctest in Resources */ = {isa = PBXBuildFile; fileRef = 24429714255D841A00CCEBAB /* AutimeTests.xctest */; };
		3E6F295D257155C8008CDBAB /* AutimeUITests.xctest in Resources */ = {isa = PBXBuildFile; fileRef = 2442971F255D841A00CCEBAB /* AutimeUITests.xctest */; };
		3EFCB96E257E7013001CA39B /* FeedbackChild.xib in Resources */ = {isa = PBXBuildFile; fileRef = 3EFCB96D257E7013001CA39B /* FeedbackChild.xib */; };
		3EFCB976257E7616001CA39B /* FeedbackChildView.swift in Sources */ = {isa = PBXBuildFile; fileRef = 3EFCB975257E7616001CA39B /* FeedbackChildView.swift */; };
		570183CE256D2D7000B038F8 /* SubtarefasCollectionCell.swift in Sources */ = {isa = PBXBuildFile; fileRef = 570183CD256D2D7000B038F8 /* SubtarefasCollectionCell.swift */; };
		572514CB25669BA600AB79B9 /* DiaFilhoViewController.swift in Sources */ = {isa = PBXBuildFile; fileRef = 572514CA25669BA600AB79B9 /* DiaFilhoViewController.swift */; };
		572514D32566ADB600AB79B9 /* FilhoCollectionViewCell.swift in Sources */ = {isa = PBXBuildFile; fileRef = 572514D22566ADB600AB79B9 /* FilhoCollectionViewCell.swift */; };
		572514D82566AE8D00AB79B9 /* DayViewController.swift in Sources */ = {isa = PBXBuildFile; fileRef = 572514D72566AE8D00AB79B9 /* DayViewController.swift */; };
		572514DE2566BE1000AB79B9 /* SubTarefasViewController.swift in Sources */ = {isa = PBXBuildFile; fileRef = 572514DD2566BE1000AB79B9 /* SubTarefasViewController.swift */; };
		57549444256FCE9C00BF0CE3 /* SemanaCollectionViewCell.swift in Sources */ = {isa = PBXBuildFile; fileRef = 57549443256FCE9C00BF0CE3 /* SemanaCollectionViewCell.swift */; };
		57549449256FCF1800BF0CE3 /* SemanaViewController.swift in Sources */ = {isa = PBXBuildFile; fileRef = 57549448256FCF1800BF0CE3 /* SemanaViewController.swift */; };
		57549459256FD25400BF0CE3 /* SectionHeaderView.swift in Sources */ = {isa = PBXBuildFile; fileRef = 57549458256FD25400BF0CE3 /* SectionHeaderView.swift */; };
		57DE9B78256BEEE800AB20A6 /* SubTarefas.storyboard in Resources */ = {isa = PBXBuildFile; fileRef = 57DE9B77256BEEE800AB20A6 /* SubTarefas.storyboard */; };
		7940392340B5E4479D710507 /* Pods_Autime_AutimeUITests.framework in Frameworks */ = {isa = PBXBuildFile; fileRef = 48BB0D30E66984ED1BF447CC /* Pods_Autime_AutimeUITests.framework */; };
		F729AFC42576CE7200916A46 /* TutorialViewController.swift in Sources */ = {isa = PBXBuildFile; fileRef = F729AFC32576CE7200916A46 /* TutorialViewController.swift */; };
		F729AFCC2576D06A00916A46 /* PerfilViewController.swift in Sources */ = {isa = PBXBuildFile; fileRef = F729AFCB2576D06A00916A46 /* PerfilViewController.swift */; };
		F74DA583256BE6C6005E6A2E /* MenuPaisViewController.swift in Sources */ = {isa = PBXBuildFile; fileRef = F74DA582256BE6C6005E6A2E /* MenuPaisViewController.swift */; };
		F79A33992562C72A00CD52C5 /* Filhos.storyboard in Resources */ = {isa = PBXBuildFile; fileRef = F79A33982562C72A00CD52C5 /* Filhos.storyboard */; };
		F79A339E2562C8A800CD52C5 /* PaisPastWeeks.storyboard in Resources */ = {isa = PBXBuildFile; fileRef = F79A339D2562C8A800CD52C5 /* PaisPastWeeks.storyboard */; };
		F79A33A32562C94B00CD52C5 /* PaisThisWeek.storyboard in Resources */ = {isa = PBXBuildFile; fileRef = F79A33A22562C94B00CD52C5 /* PaisThisWeek.storyboard */; };
		F79A33A82562C98B00CD52C5 /* PaisCreateAct.storyboard in Resources */ = {isa = PBXBuildFile; fileRef = F79A33A72562C98B00CD52C5 /* PaisCreateAct.storyboard */; };
		F79A33AD2562C9AA00CD52C5 /* PaisAllAct.storyboard in Resources */ = {isa = PBXBuildFile; fileRef = F79A33AC2562C9AA00CD52C5 /* PaisAllAct.storyboard */; };
		F79A33CA256402A700CD52C5 /* PaisMenu.storyboard in Resources */ = {isa = PBXBuildFile; fileRef = F79A33972562C70900CD52C5 /* PaisMenu.storyboard */; };
		F7C2F25B257FD8FD005D5F66 /* ThisWeekEditActViewController.swift in Sources */ = {isa = PBXBuildFile; fileRef = F7C2F25A257FD8FD005D5F66 /* ThisWeekEditActViewController.swift */; };
		F7C2F260257FF7B7005D5F66 /* ThisWeekCategoryViewController.swift in Sources */ = {isa = PBXBuildFile; fileRef = F7C2F25F257FF7B7005D5F66 /* ThisWeekCategoryViewController.swift */; };
		F7C2F265257FFD5D005D5F66 /* ThisWeekAllActViewController.swift in Sources */ = {isa = PBXBuildFile; fileRef = F7C2F264257FFD5D005D5F66 /* ThisWeekAllActViewController.swift */; };
		F7C2F26D257FFE78005D5F66 /* ThisWeekAddFocusViewController.swift in Sources */ = {isa = PBXBuildFile; fileRef = F7C2F26C257FFE78005D5F66 /* ThisWeekAddFocusViewController.swift */; };
		F7C2F275257FFEB0005D5F66 /* ThisWeekCreatActViewController.swift in Sources */ = {isa = PBXBuildFile; fileRef = F7C2F274257FFEB0005D5F66 /* ThisWeekCreatActViewController.swift */; };
		F7D61BA6256BEB0200B2B7AB /* ThisWeeksPaisViewController.swift in Sources */ = {isa = PBXBuildFile; fileRef = F7D61BA5256BEB0200B2B7AB /* ThisWeeksPaisViewController.swift */; };
		F7D61BAE256BEB5500B2B7AB /* PastWeeksPaisViewController.swift in Sources */ = {isa = PBXBuildFile; fileRef = F7D61BAD256BEB5500B2B7AB /* PastWeeksPaisViewController.swift */; };
		F7D61BB3256D416800B2B7AB /* AllActCategoriesTableViewController.swift in Sources */ = {isa = PBXBuildFile; fileRef = F7D61BB2256D416800B2B7AB /* AllActCategoriesTableViewController.swift */; };
		F7D61BBE25714F4B00B2B7AB /* AllActListTableViewController.swift in Sources */ = {isa = PBXBuildFile; fileRef = F7D61BBD25714F4B00B2B7AB /* AllActListTableViewController.swift */; };
		F7EF2F6E257E76E20063F843 /* ThisWeekDayViewController.swift in Sources */ = {isa = PBXBuildFile; fileRef = F7EF2F6D257E76E20063F843 /* ThisWeekDayViewController.swift */; };
		F7F0AC6C25752E2000D89AF1 /* AllActFocusViewController.swift in Sources */ = {isa = PBXBuildFile; fileRef = F7F0AC6B25752E2000D89AF1 /* AllActFocusViewController.swift */; };
/* End PBXBuildFile section */

/* Begin PBXContainerItemProxy section */
		24429715255D841A00CCEBAB /* PBXContainerItemProxy */ = {
			isa = PBXContainerItemProxy;
			containerPortal = 244296F6255D841900CCEBAB /* Project object */;
			proxyType = 1;
			remoteGlobalIDString = 244296FD255D841900CCEBAB;
			remoteInfo = Autime;
		};
		24429720255D841A00CCEBAB /* PBXContainerItemProxy */ = {
			isa = PBXContainerItemProxy;
			containerPortal = 244296F6255D841900CCEBAB /* Project object */;
			proxyType = 1;
			remoteGlobalIDString = 244296FD255D841900CCEBAB;
			remoteInfo = Autime;
		};
/* End PBXContainerItemProxy section */

/* Begin PBXFileReference section */
		24192997256C427C0044A530 /* TableViewCell.swift */ = {isa = PBXFileReference; lastKnownFileType = sourcecode.swift; path = TableViewCell.swift; sourceTree = "<group>"; };
		244296FE255D841900CCEBAB /* Autime.app */ = {isa = PBXFileReference; explicitFileType = wrapper.application; includeInIndex = 0; path = Autime.app; sourceTree = BUILT_PRODUCTS_DIR; };
		24429701255D841900CCEBAB /* AppDelegate.swift */ = {isa = PBXFileReference; lastKnownFileType = sourcecode.swift; path = AppDelegate.swift; sourceTree = "<group>"; };
		24429703255D841900CCEBAB /* SceneDelegate.swift */ = {isa = PBXFileReference; lastKnownFileType = sourcecode.swift; path = SceneDelegate.swift; sourceTree = "<group>"; };
		24429705255D841900CCEBAB /* ViewController.swift */ = {isa = PBXFileReference; lastKnownFileType = sourcecode.swift; path = ViewController.swift; sourceTree = "<group>"; };
		24429708255D841900CCEBAB /* Base */ = {isa = PBXFileReference; lastKnownFileType = file.storyboard; name = Base; path = Base.lproj/Main.storyboard; sourceTree = "<group>"; };
		2442970A255D841A00CCEBAB /* Assets.xcassets */ = {isa = PBXFileReference; lastKnownFileType = folder.assetcatalog; path = Assets.xcassets; sourceTree = "<group>"; };
		2442970D255D841A00CCEBAB /* Base */ = {isa = PBXFileReference; lastKnownFileType = file.storyboard; name = Base; path = Base.lproj/LaunchScreen.storyboard; sourceTree = "<group>"; };
		2442970F255D841A00CCEBAB /* Info.plist */ = {isa = PBXFileReference; lastKnownFileType = text.plist.xml; path = Info.plist; sourceTree = "<group>"; };
		24429714255D841A00CCEBAB /* AutimeTests.xctest */ = {isa = PBXFileReference; explicitFileType = wrapper.cfbundle; includeInIndex = 0; path = AutimeTests.xctest; sourceTree = BUILT_PRODUCTS_DIR; };
		24429718255D841A00CCEBAB /* AutimeTests.swift */ = {isa = PBXFileReference; lastKnownFileType = sourcecode.swift; path = AutimeTests.swift; sourceTree = "<group>"; };
		2442971A255D841A00CCEBAB /* Info.plist */ = {isa = PBXFileReference; lastKnownFileType = text.plist.xml; path = Info.plist; sourceTree = "<group>"; };
		2442971F255D841A00CCEBAB /* AutimeUITests.xctest */ = {isa = PBXFileReference; explicitFileType = wrapper.cfbundle; includeInIndex = 0; path = AutimeUITests.xctest; sourceTree = BUILT_PRODUCTS_DIR; };
		24429723255D841A00CCEBAB /* AutimeUITests.swift */ = {isa = PBXFileReference; lastKnownFileType = sourcecode.swift; path = AutimeUITests.swift; sourceTree = "<group>"; };
		24429725255D841A00CCEBAB /* Info.plist */ = {isa = PBXFileReference; lastKnownFileType = text.plist.xml; path = Info.plist; sourceTree = "<group>"; };
		2455E5792581566E005A174F /* SemanaCollectionViewController.swift */ = {isa = PBXFileReference; lastKnownFileType = sourcecode.swift; path = SemanaCollectionViewController.swift; sourceTree = "<group>"; };
		2455E58125815A8F005A174F /* SemanaNovaCollectionViewCell.swift */ = {isa = PBXFileReference; lastKnownFileType = sourcecode.swift; path = SemanaNovaCollectionViewCell.swift; sourceTree = "<group>"; };
		246F6658256BF90B001E2256 /* CadastrarAtividade.storyboard */ = {isa = PBXFileReference; lastKnownFileType = file.storyboard; path = CadastrarAtividade.storyboard; sourceTree = "<group>"; };
		246F665D256BFCAC001E2256 /* AtividadesCadastradas.swift */ = {isa = PBXFileReference; lastKnownFileType = sourcecode.swift; path = AtividadesCadastradas.swift; sourceTree = "<group>"; };
		3D53C705005DE7FBE96A95A1 /* Pods-AutimeTests.debug.xcconfig */ = {isa = PBXFileReference; includeInIndex = 1; lastKnownFileType = text.xcconfig; name = "Pods-AutimeTests.debug.xcconfig"; path = "Target Support Files/Pods-AutimeTests/Pods-AutimeTests.debug.xcconfig"; sourceTree = "<group>"; };
		3E4F9EA9256D3B710039BFFC /* AuTimeCoreData.xcdatamodel */ = {isa = PBXFileReference; lastKnownFileType = wrapper.xcdatamodel; path = AuTimeCoreData.xcdatamodel; sourceTree = "<group>"; };
		3EFCB96D257E7013001CA39B /* FeedbackChild.xib */ = {isa = PBXFileReference; lastKnownFileType = file.xib; path = FeedbackChild.xib; sourceTree = "<group>"; };
		3EFCB975257E7616001CA39B /* FeedbackChildView.swift */ = {isa = PBXFileReference; lastKnownFileType = sourcecode.swift; path = FeedbackChildView.swift; sourceTree = "<group>"; };
		48BB0D30E66984ED1BF447CC /* Pods_Autime_AutimeUITests.framework */ = {isa = PBXFileReference; explicitFileType = wrapper.framework; includeInIndex = 0; path = Pods_Autime_AutimeUITests.framework; sourceTree = BUILT_PRODUCTS_DIR; };
		570183CD256D2D7000B038F8 /* SubtarefasCollectionCell.swift */ = {isa = PBXFileReference; lastKnownFileType = sourcecode.swift; path = SubtarefasCollectionCell.swift; sourceTree = "<group>"; };
		572514CA25669BA600AB79B9 /* DiaFilhoViewController.swift */ = {isa = PBXFileReference; lastKnownFileType = sourcecode.swift; path = DiaFilhoViewController.swift; sourceTree = "<group>"; };
		572514D22566ADB600AB79B9 /* FilhoCollectionViewCell.swift */ = {isa = PBXFileReference; lastKnownFileType = sourcecode.swift; path = FilhoCollectionViewCell.swift; sourceTree = "<group>"; };
		572514D72566AE8D00AB79B9 /* DayViewController.swift */ = {isa = PBXFileReference; lastKnownFileType = sourcecode.swift; path = DayViewController.swift; sourceTree = "<group>"; };
		572514DD2566BE1000AB79B9 /* SubTarefasViewController.swift */ = {isa = PBXFileReference; lastKnownFileType = sourcecode.swift; path = SubTarefasViewController.swift; sourceTree = "<group>"; };
		57549443256FCE9C00BF0CE3 /* SemanaCollectionViewCell.swift */ = {isa = PBXFileReference; lastKnownFileType = sourcecode.swift; path = SemanaCollectionViewCell.swift; sourceTree = "<group>"; };
		57549448256FCF1800BF0CE3 /* SemanaViewController.swift */ = {isa = PBXFileReference; lastKnownFileType = sourcecode.swift; path = SemanaViewController.swift; sourceTree = "<group>"; };
		57549458256FD25400BF0CE3 /* SectionHeaderView.swift */ = {isa = PBXFileReference; lastKnownFileType = sourcecode.swift; path = SectionHeaderView.swift; sourceTree = "<group>"; };
		57DE9B77256BEEE800AB20A6 /* SubTarefas.storyboard */ = {isa = PBXFileReference; lastKnownFileType = file.storyboard; path = SubTarefas.storyboard; sourceTree = "<group>"; };
		75DF56E75FDEF5081828F490 /* Pods-Autime-AutimeUITests.release.xcconfig */ = {isa = PBXFileReference; includeInIndex = 1; lastKnownFileType = text.xcconfig; name = "Pods-Autime-AutimeUITests.release.xcconfig"; path = "Target Support Files/Pods-Autime-AutimeUITests/Pods-Autime-AutimeUITests.release.xcconfig"; sourceTree = "<group>"; };
		782083677F4D65E0EA2425D0 /* Pods-Autime.release.xcconfig */ = {isa = PBXFileReference; includeInIndex = 1; lastKnownFileType = text.xcconfig; name = "Pods-Autime.release.xcconfig"; path = "Target Support Files/Pods-Autime/Pods-Autime.release.xcconfig"; sourceTree = "<group>"; };
		78EE28FD2397C5709D4B2F0F /* Pods_Autime.framework */ = {isa = PBXFileReference; explicitFileType = wrapper.framework; includeInIndex = 0; path = Pods_Autime.framework; sourceTree = BUILT_PRODUCTS_DIR; };
		87283F065A0BD203547A150C /* Pods-Autime-AutimeUITests.debug.xcconfig */ = {isa = PBXFileReference; includeInIndex = 1; lastKnownFileType = text.xcconfig; name = "Pods-Autime-AutimeUITests.debug.xcconfig"; path = "Target Support Files/Pods-Autime-AutimeUITests/Pods-Autime-AutimeUITests.debug.xcconfig"; sourceTree = "<group>"; };
		9D3B44EB03F34A5CCB2FF7FD /* Pods-Autime.debug.xcconfig */ = {isa = PBXFileReference; includeInIndex = 1; lastKnownFileType = text.xcconfig; name = "Pods-Autime.debug.xcconfig"; path = "Target Support Files/Pods-Autime/Pods-Autime.debug.xcconfig"; sourceTree = "<group>"; };
		B02D8667BE5EF768410C80FB /* Pods-AutimeTests.release.xcconfig */ = {isa = PBXFileReference; includeInIndex = 1; lastKnownFileType = text.xcconfig; name = "Pods-AutimeTests.release.xcconfig"; path = "Target Support Files/Pods-AutimeTests/Pods-AutimeTests.release.xcconfig"; sourceTree = "<group>"; };
		F36CE04F6B32A9EC192B835F /* Pods_AutimeTests.framework */ = {isa = PBXFileReference; explicitFileType = wrapper.framework; includeInIndex = 0; path = Pods_AutimeTests.framework; sourceTree = BUILT_PRODUCTS_DIR; };
		F729AFC32576CE7200916A46 /* TutorialViewController.swift */ = {isa = PBXFileReference; lastKnownFileType = sourcecode.swift; path = TutorialViewController.swift; sourceTree = "<group>"; };
		F729AFCB2576D06A00916A46 /* PerfilViewController.swift */ = {isa = PBXFileReference; lastKnownFileType = sourcecode.swift; path = PerfilViewController.swift; sourceTree = "<group>"; };
		F74DA582256BE6C6005E6A2E /* MenuPaisViewController.swift */ = {isa = PBXFileReference; lastKnownFileType = sourcecode.swift; path = MenuPaisViewController.swift; sourceTree = "<group>"; };
		F79A33972562C70900CD52C5 /* PaisMenu.storyboard */ = {isa = PBXFileReference; lastKnownFileType = file.storyboard; path = PaisMenu.storyboard; sourceTree = "<group>"; };
		F79A33982562C72A00CD52C5 /* Filhos.storyboard */ = {isa = PBXFileReference; lastKnownFileType = file.storyboard; path = Filhos.storyboard; sourceTree = "<group>"; };
		F79A339D2562C8A800CD52C5 /* PaisPastWeeks.storyboard */ = {isa = PBXFileReference; lastKnownFileType = file.storyboard; path = PaisPastWeeks.storyboard; sourceTree = "<group>"; };
		F79A33A22562C94B00CD52C5 /* PaisThisWeek.storyboard */ = {isa = PBXFileReference; lastKnownFileType = file.storyboard; path = PaisThisWeek.storyboard; sourceTree = "<group>"; };
		F79A33A72562C98B00CD52C5 /* PaisCreateAct.storyboard */ = {isa = PBXFileReference; lastKnownFileType = file.storyboard; path = PaisCreateAct.storyboard; sourceTree = "<group>"; };
		F79A33AC2562C9AA00CD52C5 /* PaisAllAct.storyboard */ = {isa = PBXFileReference; lastKnownFileType = file.storyboard; path = PaisAllAct.storyboard; sourceTree = "<group>"; };
		F7C2F25A257FD8FD005D5F66 /* ThisWeekEditActViewController.swift */ = {isa = PBXFileReference; lastKnownFileType = sourcecode.swift; path = ThisWeekEditActViewController.swift; sourceTree = "<group>"; };
		F7C2F25F257FF7B7005D5F66 /* ThisWeekCategoryViewController.swift */ = {isa = PBXFileReference; lastKnownFileType = sourcecode.swift; path = ThisWeekCategoryViewController.swift; sourceTree = "<group>"; };
		F7C2F264257FFD5D005D5F66 /* ThisWeekAllActViewController.swift */ = {isa = PBXFileReference; lastKnownFileType = sourcecode.swift; path = ThisWeekAllActViewController.swift; sourceTree = "<group>"; };
		F7C2F26C257FFE78005D5F66 /* ThisWeekAddFocusViewController.swift */ = {isa = PBXFileReference; lastKnownFileType = sourcecode.swift; path = ThisWeekAddFocusViewController.swift; sourceTree = "<group>"; };
		F7C2F274257FFEB0005D5F66 /* ThisWeekCreatActViewController.swift */ = {isa = PBXFileReference; lastKnownFileType = sourcecode.swift; path = ThisWeekCreatActViewController.swift; sourceTree = "<group>"; };
		F7D61BA5256BEB0200B2B7AB /* ThisWeeksPaisViewController.swift */ = {isa = PBXFileReference; lastKnownFileType = sourcecode.swift; path = ThisWeeksPaisViewController.swift; sourceTree = "<group>"; };
		F7D61BAD256BEB5500B2B7AB /* PastWeeksPaisViewController.swift */ = {isa = PBXFileReference; lastKnownFileType = sourcecode.swift; path = PastWeeksPaisViewController.swift; sourceTree = "<group>"; };
		F7D61BB2256D416800B2B7AB /* AllActCategoriesTableViewController.swift */ = {isa = PBXFileReference; lastKnownFileType = sourcecode.swift; path = AllActCategoriesTableViewController.swift; sourceTree = "<group>"; };
		F7D61BBD25714F4B00B2B7AB /* AllActListTableViewController.swift */ = {isa = PBXFileReference; lastKnownFileType = sourcecode.swift; path = AllActListTableViewController.swift; sourceTree = "<group>"; };
		F7EF2F6D257E76E20063F843 /* ThisWeekDayViewController.swift */ = {isa = PBXFileReference; lastKnownFileType = sourcecode.swift; path = ThisWeekDayViewController.swift; sourceTree = "<group>"; };
		F7F0AC6B25752E2000D89AF1 /* AllActFocusViewController.swift */ = {isa = PBXFileReference; lastKnownFileType = sourcecode.swift; path = AllActFocusViewController.swift; sourceTree = "<group>"; };
/* End PBXFileReference section */

/* Begin PBXFrameworksBuildPhase section */
		244296FB255D841900CCEBAB /* Frameworks */ = {
			isa = PBXFrameworksBuildPhase;
			buildActionMask = 2147483647;
			files = (
				23F60844B30509A0E878EF10 /* Pods_Autime.framework in Frameworks */,
			);
			runOnlyForDeploymentPostprocessing = 0;
		};
		24429711255D841A00CCEBAB /* Frameworks */ = {
			isa = PBXFrameworksBuildPhase;
			buildActionMask = 2147483647;
			files = (
				14DB7EB0F25457D30A4D9562 /* Pods_AutimeTests.framework in Frameworks */,
			);
			runOnlyForDeploymentPostprocessing = 0;
		};
		2442971C255D841A00CCEBAB /* Frameworks */ = {
			isa = PBXFrameworksBuildPhase;
			buildActionMask = 2147483647;
			files = (
				7940392340B5E4479D710507 /* Pods_Autime_AutimeUITests.framework in Frameworks */,
			);
			runOnlyForDeploymentPostprocessing = 0;
		};
/* End PBXFrameworksBuildPhase section */

/* Begin PBXGroup section */
		0319364F9AC294A805DEC6AF /* Frameworks */ = {
			isa = PBXGroup;
			children = (
				78EE28FD2397C5709D4B2F0F /* Pods_Autime.framework */,
				48BB0D30E66984ED1BF447CC /* Pods_Autime_AutimeUITests.framework */,
				F36CE04F6B32A9EC192B835F /* Pods_AutimeTests.framework */,
			);
			name = Frameworks;
			sourceTree = "<group>";
		};
		244296F5255D841900CCEBAB = {
			isa = PBXGroup;
			children = (
				24429700255D841900CCEBAB /* Autime */,
				24429717255D841A00CCEBAB /* AutimeTests */,
				24429722255D841A00CCEBAB /* AutimeUITests */,
				244296FF255D841900CCEBAB /* Products */,
				A39695FC6BD753B90CBA32B5 /* Pods */,
				0319364F9AC294A805DEC6AF /* Frameworks */,
			);
			sourceTree = "<group>";
		};
		244296FF255D841900CCEBAB /* Products */ = {
			isa = PBXGroup;
			children = (
				244296FE255D841900CCEBAB /* Autime.app */,
				24429714255D841A00CCEBAB /* AutimeTests.xctest */,
				2442971F255D841A00CCEBAB /* AutimeUITests.xctest */,
			);
			name = Products;
			sourceTree = "<group>";
		};
		24429700255D841900CCEBAB /* Autime */ = {
			isa = PBXGroup;
			children = (
				3E894EAB256FF94600CE75C4 /* Models */,
				3E894EAC256FF94C00CE75C4 /* Views */,
				3E894EAD256FF95300CE75C4 /* Controllers */,
				24429701255D841900CCEBAB /* AppDelegate.swift */,
				24429703255D841900CCEBAB /* SceneDelegate.swift */,
				3E4F9EA8256D3B710039BFFC /* DataBanco.xcdatamodeld */,
				2442970A255D841A00CCEBAB /* Assets.xcassets */,
				2442970C255D841A00CCEBAB /* LaunchScreen.storyboard */,
				2442970F255D841A00CCEBAB /* Info.plist */,
			);
			path = Autime;
			sourceTree = "<group>";
		};
		24429717255D841A00CCEBAB /* AutimeTests */ = {
			isa = PBXGroup;
			children = (
				24429718255D841A00CCEBAB /* AutimeTests.swift */,
				2442971A255D841A00CCEBAB /* Info.plist */,
			);
			path = AutimeTests;
			sourceTree = "<group>";
		};
		24429722255D841A00CCEBAB /* AutimeUITests */ = {
			isa = PBXGroup;
			children = (
				24429723255D841A00CCEBAB /* AutimeUITests.swift */,
				24429725255D841A00CCEBAB /* Info.plist */,
			);
			path = AutimeUITests;
			sourceTree = "<group>";
		};
		3E894EAB256FF94600CE75C4 /* Models */ = {
			isa = PBXGroup;
			children = (
				24192997256C427C0044A530 /* TableViewCell.swift */,
				572514D22566ADB600AB79B9 /* FilhoCollectionViewCell.swift */,
				570183CD256D2D7000B038F8 /* SubtarefasCollectionCell.swift */,
				57549443256FCE9C00BF0CE3 /* SemanaCollectionViewCell.swift */,
				57549458256FD25400BF0CE3 /* SectionHeaderView.swift */,
				2455E58125815A8F005A174F /* SemanaNovaCollectionViewCell.swift */,
			);
			path = Models;
			sourceTree = "<group>";
		};
		3E894EAC256FF94C00CE75C4 /* Views */ = {
			isa = PBXGroup;
			children = (
				246F6658256BF90B001E2256 /* CadastrarAtividade.storyboard */,
				F79A33982562C72A00CD52C5 /* Filhos.storyboard */,
				24429707255D841900CCEBAB /* Main.storyboard */,
				F79A33AC2562C9AA00CD52C5 /* PaisAllAct.storyboard */,
				F79A33A72562C98B00CD52C5 /* PaisCreateAct.storyboard */,
				F79A33972562C70900CD52C5 /* PaisMenu.storyboard */,
				F79A339D2562C8A800CD52C5 /* PaisPastWeeks.storyboard */,
				F79A33A22562C94B00CD52C5 /* PaisThisWeek.storyboard */,
				57DE9B77256BEEE800AB20A6 /* SubTarefas.storyboard */,
				3EFCB96D257E7013001CA39B /* FeedbackChild.xib */,
			);
			path = Views;
			sourceTree = "<group>";
		};
		3E894EAD256FF95300CE75C4 /* Controllers */ = {
			isa = PBXGroup;
			children = (
				2455E5792581566E005A174F /* SemanaCollectionViewController.swift */,
				F7D61BB2256D416800B2B7AB /* AllActCategoriesTableViewController.swift */,
				F729AFCB2576D06A00916A46 /* PerfilViewController.swift */,
				F7D61BBD25714F4B00B2B7AB /* AllActListTableViewController.swift */,
				F7F0AC6B25752E2000D89AF1 /* AllActFocusViewController.swift */,
				246F665D256BFCAC001E2256 /* AtividadesCadastradas.swift */,
				572514CA25669BA600AB79B9 /* DiaFilhoViewController.swift */,
				572514D72566AE8D00AB79B9 /* DayViewController.swift */,
				F74DA582256BE6C6005E6A2E /* MenuPaisViewController.swift */,
				F7D61BAD256BEB5500B2B7AB /* PastWeeksPaisViewController.swift */,
				57549448256FCF1800BF0CE3 /* SemanaViewController.swift */,
				572514DD2566BE1000AB79B9 /* SubTarefasViewController.swift */,
				F7D61BA5256BEB0200B2B7AB /* ThisWeeksPaisViewController.swift */,
				F7EF2F6D257E76E20063F843 /* ThisWeekDayViewController.swift */,
				F7C2F264257FFD5D005D5F66 /* ThisWeekAllActViewController.swift */,
				F7C2F25F257FF7B7005D5F66 /* ThisWeekCategoryViewController.swift */,
				F7C2F25A257FD8FD005D5F66 /* ThisWeekEditActViewController.swift */,
				F7C2F26C257FFE78005D5F66 /* ThisWeekAddFocusViewController.swift */,
				F7C2F274257FFEB0005D5F66 /* ThisWeekCreatActViewController.swift */,
				F729AFC32576CE7200916A46 /* TutorialViewController.swift */,
				24429705255D841900CCEBAB /* ViewController.swift */,
				3EFCB975257E7616001CA39B /* FeedbackChildView.swift */,
			);
			path = Controllers;
			sourceTree = "<group>";
		};
		A39695FC6BD753B90CBA32B5 /* Pods */ = {
			isa = PBXGroup;
			children = (
				9D3B44EB03F34A5CCB2FF7FD /* Pods-Autime.debug.xcconfig */,
				782083677F4D65E0EA2425D0 /* Pods-Autime.release.xcconfig */,
				87283F065A0BD203547A150C /* Pods-Autime-AutimeUITests.debug.xcconfig */,
				75DF56E75FDEF5081828F490 /* Pods-Autime-AutimeUITests.release.xcconfig */,
				3D53C705005DE7FBE96A95A1 /* Pods-AutimeTests.debug.xcconfig */,
				B02D8667BE5EF768410C80FB /* Pods-AutimeTests.release.xcconfig */,
			);
			path = Pods;
			sourceTree = "<group>";
		};
/* End PBXGroup section */

/* Begin PBXNativeTarget section */
		244296FD255D841900CCEBAB /* Autime */ = {
			isa = PBXNativeTarget;
			buildConfigurationList = 24429728255D841A00CCEBAB /* Build configuration list for PBXNativeTarget "Autime" */;
			buildPhases = (
				93B048A6434319DEF6791680 /* [CP] Check Pods Manifest.lock */,
				244296FA255D841900CCEBAB /* Sources */,
				244296FB255D841900CCEBAB /* Frameworks */,
				244296FC255D841900CCEBAB /* Resources */,
				24C175CD255D995B009FA094 /* ShellScript */,
			);
			buildRules = (
			);
			dependencies = (
			);
			name = Autime;
			productName = Autime;
			productReference = 244296FE255D841900CCEBAB /* Autime.app */;
			productType = "com.apple.product-type.application";
		};
		24429713255D841A00CCEBAB /* AutimeTests */ = {
			isa = PBXNativeTarget;
			buildConfigurationList = 2442972B255D841A00CCEBAB /* Build configuration list for PBXNativeTarget "AutimeTests" */;
			buildPhases = (
				C56E0EF37EAC162609EF09F4 /* [CP] Check Pods Manifest.lock */,
				24429710255D841A00CCEBAB /* Sources */,
				24429711255D841A00CCEBAB /* Frameworks */,
				24429712255D841A00CCEBAB /* Resources */,
			);
			buildRules = (
			);
			dependencies = (
				24429716255D841A00CCEBAB /* PBXTargetDependency */,
			);
			name = AutimeTests;
			productName = AutimeTests;
			productReference = 24429714255D841A00CCEBAB /* AutimeTests.xctest */;
			productType = "com.apple.product-type.bundle.unit-test";
		};
		2442971E255D841A00CCEBAB /* AutimeUITests */ = {
			isa = PBXNativeTarget;
			buildConfigurationList = 2442972E255D841A00CCEBAB /* Build configuration list for PBXNativeTarget "AutimeUITests" */;
			buildPhases = (
				79CAB47FD903E043787C6D42 /* [CP] Check Pods Manifest.lock */,
				2442971B255D841A00CCEBAB /* Sources */,
				2442971C255D841A00CCEBAB /* Frameworks */,
				2442971D255D841A00CCEBAB /* Resources */,
			);
			buildRules = (
			);
			dependencies = (
				24429721255D841A00CCEBAB /* PBXTargetDependency */,
			);
			name = AutimeUITests;
			productName = AutimeUITests;
			productReference = 2442971F255D841A00CCEBAB /* AutimeUITests.xctest */;
			productType = "com.apple.product-type.bundle.ui-testing";
		};
/* End PBXNativeTarget section */

/* Begin PBXProject section */
		244296F6255D841900CCEBAB /* Project object */ = {
			isa = PBXProject;
			attributes = {
				LastSwiftUpdateCheck = 1210;
				LastUpgradeCheck = 1210;
				TargetAttributes = {
					244296FD255D841900CCEBAB = {
						CreatedOnToolsVersion = 12.1;
					};
					24429713255D841A00CCEBAB = {
						CreatedOnToolsVersion = 12.1;
						TestTargetID = 244296FD255D841900CCEBAB;
					};
					2442971E255D841A00CCEBAB = {
						CreatedOnToolsVersion = 12.1;
						TestTargetID = 244296FD255D841900CCEBAB;
					};
				};
			};
			buildConfigurationList = 244296F9255D841900CCEBAB /* Build configuration list for PBXProject "Autime" */;
			compatibilityVersion = "Xcode 9.3";
			developmentRegion = en;
			hasScannedForEncodings = 0;
			knownRegions = (
				en,
				Base,
			);
			mainGroup = 244296F5255D841900CCEBAB;
			productRefGroup = 244296FF255D841900CCEBAB /* Products */;
			projectDirPath = "";
			projectRoot = "";
			targets = (
				244296FD255D841900CCEBAB /* Autime */,
				24429713255D841A00CCEBAB /* AutimeTests */,
				2442971E255D841A00CCEBAB /* AutimeUITests */,
			);
		};
/* End PBXProject section */

/* Begin PBXResourcesBuildPhase section */
		244296FC255D841900CCEBAB /* Resources */ = {
			isa = PBXResourcesBuildPhase;
			buildActionMask = 2147483647;
			files = (
				57DE9B78256BEEE800AB20A6 /* SubTarefas.storyboard in Resources */,
				246F6659256BF90B001E2256 /* CadastrarAtividade.storyboard in Resources */,
				2442970E255D841A00CCEBAB /* LaunchScreen.storyboard in Resources */,
				3EFCB96E257E7013001CA39B /* FeedbackChild.xib in Resources */,
				F79A33992562C72A00CD52C5 /* Filhos.storyboard in Resources */,
				F79A33AD2562C9AA00CD52C5 /* PaisAllAct.storyboard in Resources */,
				F79A339E2562C8A800CD52C5 /* PaisPastWeeks.storyboard in Resources */,
				F79A33A32562C94B00CD52C5 /* PaisThisWeek.storyboard in Resources */,
				F79A33CA256402A700CD52C5 /* PaisMenu.storyboard in Resources */,
				2442970B255D841A00CCEBAB /* Assets.xcassets in Resources */,
				24429709255D841900CCEBAB /* Main.storyboard in Resources */,
				F79A33A82562C98B00CD52C5 /* PaisCreateAct.storyboard in Resources */,
			);
			runOnlyForDeploymentPostprocessing = 0;
		};
		24429712255D841A00CCEBAB /* Resources */ = {
			isa = PBXResourcesBuildPhase;
			buildActionMask = 2147483647;
			files = (
				3E6F295C257155C4008CDBAB /* AutimeTests.xctest in Resources */,
			);
			runOnlyForDeploymentPostprocessing = 0;
		};
		2442971D255D841A00CCEBAB /* Resources */ = {
			isa = PBXResourcesBuildPhase;
			buildActionMask = 2147483647;
			files = (
				3E6F295D257155C8008CDBAB /* AutimeUITests.xctest in Resources */,
			);
			runOnlyForDeploymentPostprocessing = 0;
		};
/* End PBXResourcesBuildPhase section */

/* Begin PBXShellScriptBuildPhase section */
		24C175CD255D995B009FA094 /* ShellScript */ = {
			isa = PBXShellScriptBuildPhase;
			buildActionMask = 2147483647;
			files = (
			);
			inputFileListPaths = (
			);
			inputPaths = (
			);
			outputFileListPaths = (
			);
			outputPaths = (
			);
			runOnlyForDeploymentPostprocessing = 0;
			shellPath = /bin/sh;
			shellScript = "# Type a script or drag a script file from your workspace to insert its path.\n${PODS_ROOT}/SwiftLint/swiftlint\n";
		};
		79CAB47FD903E043787C6D42 /* [CP] Check Pods Manifest.lock */ = {
			isa = PBXShellScriptBuildPhase;
			buildActionMask = 2147483647;
			files = (
			);
			inputFileListPaths = (
			);
			inputPaths = (
				"${PODS_PODFILE_DIR_PATH}/Podfile.lock",
				"${PODS_ROOT}/Manifest.lock",
			);
			name = "[CP] Check Pods Manifest.lock";
			outputFileListPaths = (
			);
			outputPaths = (
				"$(DERIVED_FILE_DIR)/Pods-Autime-AutimeUITests-checkManifestLockResult.txt",
			);
			runOnlyForDeploymentPostprocessing = 0;
			shellPath = /bin/sh;
			shellScript = "diff \"${PODS_PODFILE_DIR_PATH}/Podfile.lock\" \"${PODS_ROOT}/Manifest.lock\" > /dev/null\nif [ $? != 0 ] ; then\n    # print error to STDERR\n    echo \"error: The sandbox is not in sync with the Podfile.lock. Run 'pod install' or update your CocoaPods installation.\" >&2\n    exit 1\nfi\n# This output is used by Xcode 'outputs' to avoid re-running this script phase.\necho \"SUCCESS\" > \"${SCRIPT_OUTPUT_FILE_0}\"\n";
			showEnvVarsInLog = 0;
		};
		93B048A6434319DEF6791680 /* [CP] Check Pods Manifest.lock */ = {
			isa = PBXShellScriptBuildPhase;
			buildActionMask = 2147483647;
			files = (
			);
			inputFileListPaths = (
			);
			inputPaths = (
				"${PODS_PODFILE_DIR_PATH}/Podfile.lock",
				"${PODS_ROOT}/Manifest.lock",
			);
			name = "[CP] Check Pods Manifest.lock";
			outputFileListPaths = (
			);
			outputPaths = (
				"$(DERIVED_FILE_DIR)/Pods-Autime-checkManifestLockResult.txt",
			);
			runOnlyForDeploymentPostprocessing = 0;
			shellPath = /bin/sh;
			shellScript = "diff \"${PODS_PODFILE_DIR_PATH}/Podfile.lock\" \"${PODS_ROOT}/Manifest.lock\" > /dev/null\nif [ $? != 0 ] ; then\n    # print error to STDERR\n    echo \"error: The sandbox is not in sync with the Podfile.lock. Run 'pod install' or update your CocoaPods installation.\" >&2\n    exit 1\nfi\n# This output is used by Xcode 'outputs' to avoid re-running this script phase.\necho \"SUCCESS\" > \"${SCRIPT_OUTPUT_FILE_0}\"\n";
			showEnvVarsInLog = 0;
		};
		C56E0EF37EAC162609EF09F4 /* [CP] Check Pods Manifest.lock */ = {
			isa = PBXShellScriptBuildPhase;
			buildActionMask = 2147483647;
			files = (
			);
			inputFileListPaths = (
			);
			inputPaths = (
				"${PODS_PODFILE_DIR_PATH}/Podfile.lock",
				"${PODS_ROOT}/Manifest.lock",
			);
			name = "[CP] Check Pods Manifest.lock";
			outputFileListPaths = (
			);
			outputPaths = (
				"$(DERIVED_FILE_DIR)/Pods-AutimeTests-checkManifestLockResult.txt",
			);
			runOnlyForDeploymentPostprocessing = 0;
			shellPath = /bin/sh;
			shellScript = "diff \"${PODS_PODFILE_DIR_PATH}/Podfile.lock\" \"${PODS_ROOT}/Manifest.lock\" > /dev/null\nif [ $? != 0 ] ; then\n    # print error to STDERR\n    echo \"error: The sandbox is not in sync with the Podfile.lock. Run 'pod install' or update your CocoaPods installation.\" >&2\n    exit 1\nfi\n# This output is used by Xcode 'outputs' to avoid re-running this script phase.\necho \"SUCCESS\" > \"${SCRIPT_OUTPUT_FILE_0}\"\n";
			showEnvVarsInLog = 0;
		};
/* End PBXShellScriptBuildPhase section */

/* Begin PBXSourcesBuildPhase section */
		244296FA255D841900CCEBAB /* Sources */ = {
			isa = PBXSourcesBuildPhase;
			buildActionMask = 2147483647;
			files = (
				F7D61BA6256BEB0200B2B7AB /* ThisWeeksPaisViewController.swift in Sources */,
				2455E58225815A8F005A174F /* SemanaNovaCollectionViewCell.swift in Sources */,
				24429706255D841900CCEBAB /* ViewController.swift in Sources */,
				F7C2F260257FF7B7005D5F66 /* ThisWeekCategoryViewController.swift in Sources */,
				F7C2F265257FFD5D005D5F66 /* ThisWeekAllActViewController.swift in Sources */,
				F7D61BB3256D416800B2B7AB /* AllActCategoriesTableViewController.swift in Sources */,
				F74DA583256BE6C6005E6A2E /* MenuPaisViewController.swift in Sources */,
				24429702255D841900CCEBAB /* AppDelegate.swift in Sources */,
				3E4F9EAA256D3B710039BFFC /* DataBanco.xcdatamodeld in Sources */,
				3EFCB976257E7616001CA39B /* FeedbackChildView.swift in Sources */,
				57549444256FCE9C00BF0CE3 /* SemanaCollectionViewCell.swift in Sources */,
				57549449256FCF1800BF0CE3 /* SemanaViewController.swift in Sources */,
				572514CB25669BA600AB79B9 /* DiaFilhoViewController.swift in Sources */,
				F7C2F25B257FD8FD005D5F66 /* ThisWeekEditActViewController.swift in Sources */,
				24429704255D841900CCEBAB /* SceneDelegate.swift in Sources */,
				F7D61BAE256BEB5500B2B7AB /* PastWeeksPaisViewController.swift in Sources */,
				57549459256FD25400BF0CE3 /* SectionHeaderView.swift in Sources */,
				2455E57A2581566E005A174F /* SemanaCollectionViewController.swift in Sources */,
				241929A0256C4CCF0044A530 /* AtividadesTableViewController.swift in Sources */,
				24192998256C427C0044A530 /* TableViewCell.swift in Sources */,
				F7F0AC6C25752E2000D89AF1 /* AllActFocusViewController.swift in Sources */,
				572514D32566ADB600AB79B9 /* FilhoCollectionViewCell.swift in Sources */,
				F7C2F275257FFEB0005D5F66 /* ThisWeekCreatActViewController.swift in Sources */,
				F7C2F26D257FFE78005D5F66 /* ThisWeekAddFocusViewController.swift in Sources */,
				570183CE256D2D7000B038F8 /* SubtarefasCollectionCell.swift in Sources */,
				246F665E256BFCAC001E2256 /* AtividadesCadastradas.swift in Sources */,
				F729AFCC2576D06A00916A46 /* PerfilViewController.swift in Sources */,
				F7EF2F6E257E76E20063F843 /* ThisWeekDayViewController.swift in Sources */,
				572514DE2566BE1000AB79B9 /* SubTarefasViewController.swift in Sources */,
				F7D61BBE25714F4B00B2B7AB /* AllActListTableViewController.swift in Sources */,
				F729AFC42576CE7200916A46 /* TutorialViewController.swift in Sources */,
				572514D82566AE8D00AB79B9 /* DayViewController.swift in Sources */,
			);
			runOnlyForDeploymentPostprocessing = 0;
		};
		24429710255D841A00CCEBAB /* Sources */ = {
			isa = PBXSourcesBuildPhase;
			buildActionMask = 2147483647;
			files = (
				24429719255D841A00CCEBAB /* AutimeTests.swift in Sources */,
			);
			runOnlyForDeploymentPostprocessing = 0;
		};
		2442971B255D841A00CCEBAB /* Sources */ = {
			isa = PBXSourcesBuildPhase;
			buildActionMask = 2147483647;
			files = (
				24429724255D841A00CCEBAB /* AutimeUITests.swift in Sources */,
			);
			runOnlyForDeploymentPostprocessing = 0;
		};
/* End PBXSourcesBuildPhase section */

/* Begin PBXTargetDependency section */
		24429716255D841A00CCEBAB /* PBXTargetDependency */ = {
			isa = PBXTargetDependency;
			target = 244296FD255D841900CCEBAB /* Autime */;
			targetProxy = 24429715255D841A00CCEBAB /* PBXContainerItemProxy */;
		};
		24429721255D841A00CCEBAB /* PBXTargetDependency */ = {
			isa = PBXTargetDependency;
			target = 244296FD255D841900CCEBAB /* Autime */;
			targetProxy = 24429720255D841A00CCEBAB /* PBXContainerItemProxy */;
		};
/* End PBXTargetDependency section */

/* Begin PBXVariantGroup section */
		24429707255D841900CCEBAB /* Main.storyboard */ = {
			isa = PBXVariantGroup;
			children = (
				24429708255D841900CCEBAB /* Base */,
			);
			name = Main.storyboard;
			sourceTree = "<group>";
		};
		2442970C255D841A00CCEBAB /* LaunchScreen.storyboard */ = {
			isa = PBXVariantGroup;
			children = (
				2442970D255D841A00CCEBAB /* Base */,
			);
			name = LaunchScreen.storyboard;
			sourceTree = "<group>";
		};
/* End PBXVariantGroup section */

/* Begin XCBuildConfiguration section */
		24429726255D841A00CCEBAB /* Debug */ = {
			isa = XCBuildConfiguration;
			buildSettings = {
				ALWAYS_SEARCH_USER_PATHS = NO;
				CLANG_ANALYZER_NONNULL = YES;
				CLANG_ANALYZER_NUMBER_OBJECT_CONVERSION = YES_AGGRESSIVE;
				CLANG_CXX_LANGUAGE_STANDARD = "gnu++14";
				CLANG_CXX_LIBRARY = "libc++";
				CLANG_ENABLE_MODULES = YES;
				CLANG_ENABLE_OBJC_ARC = YES;
				CLANG_ENABLE_OBJC_WEAK = YES;
				CLANG_WARN_BLOCK_CAPTURE_AUTORELEASING = YES;
				CLANG_WARN_BOOL_CONVERSION = YES;
				CLANG_WARN_COMMA = YES;
				CLANG_WARN_CONSTANT_CONVERSION = YES;
				CLANG_WARN_DEPRECATED_OBJC_IMPLEMENTATIONS = YES;
				CLANG_WARN_DIRECT_OBJC_ISA_USAGE = YES_ERROR;
				CLANG_WARN_DOCUMENTATION_COMMENTS = YES;
				CLANG_WARN_EMPTY_BODY = YES;
				CLANG_WARN_ENUM_CONVERSION = YES;
				CLANG_WARN_INFINITE_RECURSION = YES;
				CLANG_WARN_INT_CONVERSION = YES;
				CLANG_WARN_NON_LITERAL_NULL_CONVERSION = YES;
				CLANG_WARN_OBJC_IMPLICIT_RETAIN_SELF = YES;
				CLANG_WARN_OBJC_LITERAL_CONVERSION = YES;
				CLANG_WARN_OBJC_ROOT_CLASS = YES_ERROR;
				CLANG_WARN_QUOTED_INCLUDE_IN_FRAMEWORK_HEADER = YES;
				CLANG_WARN_RANGE_LOOP_ANALYSIS = YES;
				CLANG_WARN_STRICT_PROTOTYPES = YES;
				CLANG_WARN_SUSPICIOUS_MOVE = YES;
				CLANG_WARN_UNGUARDED_AVAILABILITY = YES_AGGRESSIVE;
				CLANG_WARN_UNREACHABLE_CODE = YES;
				CLANG_WARN__DUPLICATE_METHOD_MATCH = YES;
				COPY_PHASE_STRIP = NO;
				DEBUG_INFORMATION_FORMAT = dwarf;
				ENABLE_STRICT_OBJC_MSGSEND = YES;
				ENABLE_TESTABILITY = YES;
				GCC_C_LANGUAGE_STANDARD = gnu11;
				GCC_DYNAMIC_NO_PIC = NO;
				GCC_NO_COMMON_BLOCKS = YES;
				GCC_OPTIMIZATION_LEVEL = 0;
				GCC_PREPROCESSOR_DEFINITIONS = (
					"DEBUG=1",
					"$(inherited)",
				);
				GCC_WARN_64_TO_32_BIT_CONVERSION = YES;
				GCC_WARN_ABOUT_RETURN_TYPE = YES_ERROR;
				GCC_WARN_UNDECLARED_SELECTOR = YES;
				GCC_WARN_UNINITIALIZED_AUTOS = YES_AGGRESSIVE;
				GCC_WARN_UNUSED_FUNCTION = YES;
				GCC_WARN_UNUSED_VARIABLE = YES;
				IPHONEOS_DEPLOYMENT_TARGET = 14.1;
				MTL_ENABLE_DEBUG_INFO = INCLUDE_SOURCE;
				MTL_FAST_MATH = YES;
				ONLY_ACTIVE_ARCH = YES;
				SDKROOT = iphoneos;
				SWIFT_ACTIVE_COMPILATION_CONDITIONS = DEBUG;
				SWIFT_OPTIMIZATION_LEVEL = "-Onone";
			};
			name = Debug;
		};
		24429727255D841A00CCEBAB /* Release */ = {
			isa = XCBuildConfiguration;
			buildSettings = {
				ALWAYS_SEARCH_USER_PATHS = NO;
				CLANG_ANALYZER_NONNULL = YES;
				CLANG_ANALYZER_NUMBER_OBJECT_CONVERSION = YES_AGGRESSIVE;
				CLANG_CXX_LANGUAGE_STANDARD = "gnu++14";
				CLANG_CXX_LIBRARY = "libc++";
				CLANG_ENABLE_MODULES = YES;
				CLANG_ENABLE_OBJC_ARC = YES;
				CLANG_ENABLE_OBJC_WEAK = YES;
				CLANG_WARN_BLOCK_CAPTURE_AUTORELEASING = YES;
				CLANG_WARN_BOOL_CONVERSION = YES;
				CLANG_WARN_COMMA = YES;
				CLANG_WARN_CONSTANT_CONVERSION = YES;
				CLANG_WARN_DEPRECATED_OBJC_IMPLEMENTATIONS = YES;
				CLANG_WARN_DIRECT_OBJC_ISA_USAGE = YES_ERROR;
				CLANG_WARN_DOCUMENTATION_COMMENTS = YES;
				CLANG_WARN_EMPTY_BODY = YES;
				CLANG_WARN_ENUM_CONVERSION = YES;
				CLANG_WARN_INFINITE_RECURSION = YES;
				CLANG_WARN_INT_CONVERSION = YES;
				CLANG_WARN_NON_LITERAL_NULL_CONVERSION = YES;
				CLANG_WARN_OBJC_IMPLICIT_RETAIN_SELF = YES;
				CLANG_WARN_OBJC_LITERAL_CONVERSION = YES;
				CLANG_WARN_OBJC_ROOT_CLASS = YES_ERROR;
				CLANG_WARN_QUOTED_INCLUDE_IN_FRAMEWORK_HEADER = YES;
				CLANG_WARN_RANGE_LOOP_ANALYSIS = YES;
				CLANG_WARN_STRICT_PROTOTYPES = YES;
				CLANG_WARN_SUSPICIOUS_MOVE = YES;
				CLANG_WARN_UNGUARDED_AVAILABILITY = YES_AGGRESSIVE;
				CLANG_WARN_UNREACHABLE_CODE = YES;
				CLANG_WARN__DUPLICATE_METHOD_MATCH = YES;
				COPY_PHASE_STRIP = NO;
				DEBUG_INFORMATION_FORMAT = "dwarf-with-dsym";
				ENABLE_NS_ASSERTIONS = NO;
				ENABLE_STRICT_OBJC_MSGSEND = YES;
				GCC_C_LANGUAGE_STANDARD = gnu11;
				GCC_NO_COMMON_BLOCKS = YES;
				GCC_WARN_64_TO_32_BIT_CONVERSION = YES;
				GCC_WARN_ABOUT_RETURN_TYPE = YES_ERROR;
				GCC_WARN_UNDECLARED_SELECTOR = YES;
				GCC_WARN_UNINITIALIZED_AUTOS = YES_AGGRESSIVE;
				GCC_WARN_UNUSED_FUNCTION = YES;
				GCC_WARN_UNUSED_VARIABLE = YES;
				IPHONEOS_DEPLOYMENT_TARGET = 14.1;
				MTL_ENABLE_DEBUG_INFO = NO;
				MTL_FAST_MATH = YES;
				SDKROOT = iphoneos;
				SWIFT_COMPILATION_MODE = wholemodule;
				SWIFT_OPTIMIZATION_LEVEL = "-O";
				VALIDATE_PRODUCT = YES;
			};
			name = Release;
		};
		24429729255D841A00CCEBAB /* Debug */ = {
			isa = XCBuildConfiguration;
			baseConfigurationReference = 9D3B44EB03F34A5CCB2FF7FD /* Pods-Autime.debug.xcconfig */;
			buildSettings = {
				ASSETCATALOG_COMPILER_APPICON_NAME = AppIcon;
				ASSETCATALOG_COMPILER_GLOBAL_ACCENT_COLOR_NAME = AccentColor;
				CODE_SIGN_STYLE = Automatic;
				DEVELOPMENT_TEAM = CT66845T5J;
				INFOPLIST_FILE = Autime/Info.plist;
				LD_RUNPATH_SEARCH_PATHS = (
					"$(inherited)",
					"@executable_path/Frameworks",
				);
				PRODUCT_BUNDLE_IDENTIFIER = academy.Autime;
				PRODUCT_NAME = "$(TARGET_NAME)";
				SWIFT_VERSION = 5.0;
				TARGETED_DEVICE_FAMILY = "1,2";
			};
			name = Debug;
		};
		2442972A255D841A00CCEBAB /* Release */ = {
			isa = XCBuildConfiguration;
			baseConfigurationReference = 782083677F4D65E0EA2425D0 /* Pods-Autime.release.xcconfig */;
			buildSettings = {
				ASSETCATALOG_COMPILER_APPICON_NAME = AppIcon;
				ASSETCATALOG_COMPILER_GLOBAL_ACCENT_COLOR_NAME = AccentColor;
				CODE_SIGN_STYLE = Automatic;
				DEVELOPMENT_TEAM = CT66845T5J;
				INFOPLIST_FILE = Autime/Info.plist;
				LD_RUNPATH_SEARCH_PATHS = (
					"$(inherited)",
					"@executable_path/Frameworks",
				);
				PRODUCT_BUNDLE_IDENTIFIER = academy.Autime;
				PRODUCT_NAME = "$(TARGET_NAME)";
				SWIFT_VERSION = 5.0;
				TARGETED_DEVICE_FAMILY = "1,2";
			};
			name = Release;
		};
		2442972C255D841A00CCEBAB /* Debug */ = {
			isa = XCBuildConfiguration;
			baseConfigurationReference = 3D53C705005DE7FBE96A95A1 /* Pods-AutimeTests.debug.xcconfig */;
			buildSettings = {
				ALWAYS_EMBED_SWIFT_STANDARD_LIBRARIES = YES;
				BUNDLE_LOADER = "$(TEST_HOST)";
				CODE_SIGN_STYLE = Automatic;
				DEVELOPMENT_TEAM = CT66845T5J;
				INFOPLIST_FILE = AutimeTests/Info.plist;
				IPHONEOS_DEPLOYMENT_TARGET = 14.1;
				LD_RUNPATH_SEARCH_PATHS = (
					"$(inherited)",
					"@executable_path/Frameworks",
					"@loader_path/Frameworks",
				);
				PRODUCT_BUNDLE_IDENTIFIER = academy.AutimeTests;
				PRODUCT_NAME = "$(TARGET_NAME)";
				SWIFT_VERSION = 5.0;
				TARGETED_DEVICE_FAMILY = "1,2";
				TEST_HOST = "$(BUILT_PRODUCTS_DIR)/Autime.app/Autime";
			};
			name = Debug;
		};
		2442972D255D841A00CCEBAB /* Release */ = {
			isa = XCBuildConfiguration;
			baseConfigurationReference = B02D8667BE5EF768410C80FB /* Pods-AutimeTests.release.xcconfig */;
			buildSettings = {
				ALWAYS_EMBED_SWIFT_STANDARD_LIBRARIES = YES;
				BUNDLE_LOADER = "$(TEST_HOST)";
				CODE_SIGN_STYLE = Automatic;
				DEVELOPMENT_TEAM = CT66845T5J;
				INFOPLIST_FILE = AutimeTests/Info.plist;
				IPHONEOS_DEPLOYMENT_TARGET = 14.1;
				LD_RUNPATH_SEARCH_PATHS = (
					"$(inherited)",
					"@executable_path/Frameworks",
					"@loader_path/Frameworks",
				);
				PRODUCT_BUNDLE_IDENTIFIER = academy.AutimeTests;
				PRODUCT_NAME = "$(TARGET_NAME)";
				SWIFT_VERSION = 5.0;
				TARGETED_DEVICE_FAMILY = "1,2";
				TEST_HOST = "$(BUILT_PRODUCTS_DIR)/Autime.app/Autime";
			};
			name = Release;
		};
		2442972F255D841A00CCEBAB /* Debug */ = {
			isa = XCBuildConfiguration;
			baseConfigurationReference = 87283F065A0BD203547A150C /* Pods-Autime-AutimeUITests.debug.xcconfig */;
			buildSettings = {
				ALWAYS_EMBED_SWIFT_STANDARD_LIBRARIES = YES;
				CODE_SIGN_STYLE = Automatic;
				DEVELOPMENT_TEAM = CT66845T5J;
				INFOPLIST_FILE = AutimeUITests/Info.plist;
				LD_RUNPATH_SEARCH_PATHS = (
					"$(inherited)",
					"@executable_path/Frameworks",
					"@loader_path/Frameworks",
				);
				PRODUCT_BUNDLE_IDENTIFIER = academy.AutimeUITests;
				PRODUCT_NAME = "$(TARGET_NAME)";
				SWIFT_VERSION = 5.0;
				TARGETED_DEVICE_FAMILY = "1,2";
				TEST_TARGET_NAME = Autime;
			};
			name = Debug;
		};
		24429730255D841A00CCEBAB /* Release */ = {
			isa = XCBuildConfiguration;
			baseConfigurationReference = 75DF56E75FDEF5081828F490 /* Pods-Autime-AutimeUITests.release.xcconfig */;
			buildSettings = {
				ALWAYS_EMBED_SWIFT_STANDARD_LIBRARIES = YES;
				CODE_SIGN_STYLE = Automatic;
				DEVELOPMENT_TEAM = CT66845T5J;
				INFOPLIST_FILE = AutimeUITests/Info.plist;
				LD_RUNPATH_SEARCH_PATHS = (
					"$(inherited)",
					"@executable_path/Frameworks",
					"@loader_path/Frameworks",
				);
				PRODUCT_BUNDLE_IDENTIFIER = academy.AutimeUITests;
				PRODUCT_NAME = "$(TARGET_NAME)";
				SWIFT_VERSION = 5.0;
				TARGETED_DEVICE_FAMILY = "1,2";
				TEST_TARGET_NAME = Autime;
			};
			name = Release;
		};
/* End XCBuildConfiguration section */

/* Begin XCConfigurationList section */
		244296F9255D841900CCEBAB /* Build configuration list for PBXProject "Autime" */ = {
			isa = XCConfigurationList;
			buildConfigurations = (
				24429726255D841A00CCEBAB /* Debug */,
				24429727255D841A00CCEBAB /* Release */,
			);
			defaultConfigurationIsVisible = 0;
			defaultConfigurationName = Release;
		};
		24429728255D841A00CCEBAB /* Build configuration list for PBXNativeTarget "Autime" */ = {
			isa = XCConfigurationList;
			buildConfigurations = (
				24429729255D841A00CCEBAB /* Debug */,
				2442972A255D841A00CCEBAB /* Release */,
			);
			defaultConfigurationIsVisible = 0;
			defaultConfigurationName = Release;
		};
		2442972B255D841A00CCEBAB /* Build configuration list for PBXNativeTarget "AutimeTests" */ = {
			isa = XCConfigurationList;
			buildConfigurations = (
				2442972C255D841A00CCEBAB /* Debug */,
				2442972D255D841A00CCEBAB /* Release */,
			);
			defaultConfigurationIsVisible = 0;
			defaultConfigurationName = Release;
		};
		2442972E255D841A00CCEBAB /* Build configuration list for PBXNativeTarget "AutimeUITests" */ = {
			isa = XCConfigurationList;
			buildConfigurations = (
				2442972F255D841A00CCEBAB /* Debug */,
				24429730255D841A00CCEBAB /* Release */,
			);
			defaultConfigurationIsVisible = 0;
			defaultConfigurationName = Release;
		};
/* End XCConfigurationList section */

/* Begin XCVersionGroup section */
		3E4F9EA8256D3B710039BFFC /* DataBanco.xcdatamodeld */ = {
			isa = XCVersionGroup;
			children = (
				3E4F9EA9256D3B710039BFFC /* AuTimeCoreData.xcdatamodel */,
			);
			currentVersion = 3E4F9EA9256D3B710039BFFC /* AuTimeCoreData.xcdatamodel */;
			path = DataBanco.xcdatamodeld;
			sourceTree = "<group>";
			versionGroupType = wrapper.xcdatamodel;
		};
/* End XCVersionGroup section */
	};
	rootObject = 244296F6255D841900CCEBAB /* Project object */;
}
